
Microsoft Visual Studio Solution File, Format Version 12.00
# Visual Studio Version 17
VisualStudioVersion = 17.14.37111.16 d17.14
MinimumVisualStudioVersion = 10.0.40219.1
Project("{FAE04EC0-301F-11D3-BF4B-00C04F79EFBC}") = "HotelApp-Maui", "HotelApp-Maui\HotelApp-Maui.csproj", "{1B9B56A2-8D57-4196-A122-664885B80105}"
EndProject
Global
	GlobalSection(SolutionConfigurationPlatforms) = preSolution
		Debug|Any CPU = Debug|Any CPU
		Release|Any CPU = Release|Any CPU
	EndGlobalSection
	GlobalSection(ProjectConfigurationPlatforms) = postSolution
		{1B9B56A2-8D57-4196-A122-664885B80105}.Debug|Any CPU.ActiveCfg = Debug|Any CPU
		{1B9B56A2-8D57-4196-A122-664885B80105}.Debug|Any CPU.Build.0 = Debug|Any CPU
		{1B9B56A2-8D57-4196-A122-664885B80105}.Release|Any CPU.ActiveCfg = Release|Any CPU
		{1B9B56A2-8D57-4196-A122-664885B80105}.Release|Any CPU.Build.0 = Release|Any CPU
	EndGlobalSection
	GlobalSection(SolutionProperties) = preSolution
		HideSolutionNode = FALSE
	EndGlobalSection
	GlobalSection(ExtensibilityGlobals) = postSolution
		SolutionGuid = {806B3AF9-CE03-404A-BA6F-2204B10D41D8}
	EndGlobalSection
EndGlobal
